
Microsoft Visual Studio Solution File, Format Version 12.00
# Visual Studio Version 17
VisualStudioVersion = 17.7.34031.279
MinimumVisualStudioVersion = 10.0.40219.1
Project("{FAE04EC0-301F-11D3-BF4B-00C04F79EFBC}") = "Codewars", "Codewars.csproj", "{CA7FC575-0019-4E72-91C9-DC03B15E6BE4}"
EndProject
Global
	GlobalSection(SolutionConfigurationPlatforms) = preSolution
		Debug|Any CPU = Debug|Any CPU
		Release|Any CPU = Release|Any CPU
	EndGlobalSection
	GlobalSection(ProjectConfigurationPlatforms) = postSolution
		{CA7FC575-0019-4E72-91C9-DC03B15E6BE4}.Debug|Any CPU.ActiveCfg = Debug|Any CPU
		{CA7FC575-0019-4E72-91C9-DC03B15E6BE4}.Debug|Any CPU.Build.0 = Debug|Any CPU
		{CA7FC575-0019-4E72-91C9-DC03B15E6BE4}.Release|Any CPU.ActiveCfg = Release|Any CPU
		{CA7FC575-0019-4E72-91C9-DC03B15E6BE4}.Release|Any CPU.Build.0 = Release|Any CPU
	EndGlobalSection
	GlobalSection(SolutionProperties) = preSolution
		HideSolutionNode = FALSE
	EndGlobalSection
	GlobalSection(ExtensibilityGlobals) = postSolution
		SolutionGuid = {4B243BC1-6362-44D2-A738-FCAE03CDD78B}
	EndGlobalSection
EndGlobal
